// !$*UTF8*$!
{
	archiveVersion = 1;
	classes = {
	};
	objectVersion = 50;
	objects = {

/* Begin PBXBuildFile section */
		4407D72428D6BFA2006E05B1 /* AppDelegate.swift in Sources */ = {isa = PBXBuildFile; fileRef = 4407D72328D6BFA2006E05B1 /* AppDelegate.swift */; };
		4407D72628D6BFA2006E05B1 /* SceneDelegate.swift in Sources */ = {isa = PBXBuildFile; fileRef = 4407D72528D6BFA2006E05B1 /* SceneDelegate.swift */; };
		4407D72828D6BFA2006E05B1 /* ViewController.swift in Sources */ = {isa = PBXBuildFile; fileRef = 4407D72728D6BFA2006E05B1 /* ViewController.swift */; };
		4407D72B28D6BFA2006E05B1 /* Main.storyboard in Resources */ = {isa = PBXBuildFile; fileRef = 4407D72928D6BFA2006E05B1 /* Main.storyboard */; };
		4407D72D28D6BFA5006E05B1 /* Assets.xcassets in Resources */ = {isa = PBXBuildFile; fileRef = 4407D72C28D6BFA5006E05B1 /* Assets.xcassets */; };
		4407D73028D6BFA5006E05B1 /* LaunchScreen.storyboard in Resources */ = {isa = PBXBuildFile; fileRef = 4407D72E28D6BFA5006E05B1 /* LaunchScreen.storyboard */; };
		4407D73B28D6BFA6006E05B1 /* WordleTests.swift in Sources */ = {isa = PBXBuildFile; fileRef = 4407D73A28D6BFA6006E05B1 /* WordleTests.swift */; };
		4407D74628D6BFA6006E05B1 /* WordleUITests.swift in Sources */ = {isa = PBXBuildFile; fileRef = 4407D74528D6BFA6006E05B1 /* WordleUITests.swift */; };
		4407D75728D6C350006E05B1 /* BoardViewController.swift in Sources */ = {isa = PBXBuildFile; fileRef = 4407D75628D6C350006E05B1 /* BoardViewController.swift */; };
		4407D75C28D6C395006E05B1 /* KeyboardViewController.swift in Sources */ = {isa = PBXBuildFile; fileRef = 4407D75B28D6C395006E05B1 /* KeyboardViewController.swift */; };
		4407D76128D6C3C1006E05B1 /* KeyCell.swift in Sources */ = {isa = PBXBuildFile; fileRef = 4407D76028D6C3C1006E05B1 /* KeyCell.swift */; };
/* End PBXBuildFile section */

/* Begin PBXContainerItemProxy section */
		4407D73728D6BFA6006E05B1 /* PBXContainerItemProxy */ = {
			isa = PBXContainerItemProxy;
			containerPortal = 4407D71828D6BFA2006E05B1 /* Project object */;
			proxyType = 1;
			remoteGlobalIDString = 4407D71F28D6BFA2006E05B1;
			remoteInfo = Wordle;
		};
		4407D74228D6BFA6006E05B1 /* PBXContainerItemProxy */ = {
			isa = PBXContainerItemProxy;
			containerPortal = 4407D71828D6BFA2006E05B1 /* Project object */;
			proxyType = 1;
			remoteGlobalIDString = 4407D71F28D6BFA2006E05B1;
			remoteInfo = Wordle;
		};
/* End PBXContainerItemProxy section */

/* Begin PBXFileReference section */
		4407D72028D6BFA2006E05B1 /* Wordle.app */ = {isa = PBXFileReference; explicitFileType = wrapper.application; includeInIndex = 0; path = Wordle.app; sourceTree = BUILT_PRODUCTS_DIR; };
		4407D72328D6BFA2006E05B1 /* AppDelegate.swift */ = {isa = PBXFileReference; lastKnownFileType = sourcecode.swift; path = AppDelegate.swift; sourceTree = "<group>"; };
		4407D72528D6BFA2006E05B1 /* SceneDelegate.swift */ = {isa = PBXFileReference; lastKnownFileType = sourcecode.swift; path = SceneDelegate.swift; sourceTree = "<group>"; };
		4407D72728D6BFA2006E05B1 /* ViewController.swift */ = {isa = PBXFileReference; lastKnownFileType = sourcecode.swift; path = ViewController.swift; sourceTree = "<group>"; };
		4407D72A28D6BFA2006E05B1 /* Base */ = {isa = PBXFileReference; lastKnownFileType = file.storyboard; name = Base; path = Base.lproj/Main.storyboard; sourceTree = "<group>"; };
		4407D72C28D6BFA5006E05B1 /* Assets.xcassets */ = {isa = PBXFileReference; lastKnownFileType = folder.assetcatalog; path = Assets.xcassets; sourceTree = "<group>"; };
		4407D72F28D6BFA5006E05B1 /* Base */ = {isa = PBXFileReference; lastKnownFileType = file.storyboard; name = Base; path = Base.lproj/LaunchScreen.storyboard; sourceTree = "<group>"; };
		4407D73128D6BFA5006E05B1 /* Info.plist */ = {isa = PBXFileReference; lastKnownFileType = text.plist.xml; path = Info.plist; sourceTree = "<group>"; };
		4407D73628D6BFA6006E05B1 /* WordleTests.xctest */ = {isa = PBXFileReference; explicitFileType = wrapper.cfbundle; includeInIndex = 0; path = WordleTests.xctest; sourceTree = BUILT_PRODUCTS_DIR; };
		4407D73A28D6BFA6006E05B1 /* WordleTests.swift */ = {isa = PBXFileReference; lastKnownFileType = sourcecode.swift; path = WordleTests.swift; sourceTree = "<group>"; };
		4407D73C28D6BFA6006E05B1 /* Info.plist */ = {isa = PBXFileReference; lastKnownFileType = text.plist.xml; path = Info.plist; sourceTree = "<group>"; };
		4407D74128D6BFA6006E05B1 /* WordleUITests.xctest */ = {isa = PBXFileReference; explicitFileType = wrapper.cfbundle; includeInIndex = 0; path = WordleUITests.xctest; sourceTree = BUILT_PRODUCTS_DIR; };
		4407D74528D6BFA6006E05B1 /* WordleUITests.swift */ = {isa = PBXFileReference; lastKnownFileType = sourcecode.swift; path = WordleUITests.swift; sourceTree = "<group>"; };
		4407D74728D6BFA6006E05B1 /* Info.plist */ = {isa = PBXFileReference; lastKnownFileType = text.plist.xml; path = Info.plist; sourceTree = "<group>"; };
		4407D75628D6C350006E05B1 /* BoardViewController.swift */ = {isa = PBXFileReference; lastKnownFileType = sourcecode.swift; path = BoardViewController.swift; sourceTree = "<group>"; };
		4407D75B28D6C395006E05B1 /* KeyboardViewController.swift */ = {isa = PBXFileReference; lastKnownFileType = sourcecode.swift; path = KeyboardViewController.swift; sourceTree = "<group>"; };
		4407D76028D6C3C1006E05B1 /* KeyCell.swift */ = {isa = PBXFileReference; lastKnownFileType = sourcecode.swift; path = KeyCell.swift; sourceTree = "<group>"; };
/* End PBXFileReference section */

/* Begin PBXFrameworksBuildPhase section */
		4407D71D28D6BFA2006E05B1 /* Frameworks */ = {
			isa = PBXFrameworksBuildPhase;
			buildActionMask = 2147483647;
			files = (
			);
			runOnlyForDeploymentPostprocessing = 0;
		};
		4407D73328D6BFA6006E05B1 /* Frameworks */ = {
			isa = PBXFrameworksBuildPhase;
			buildActionMask = 2147483647;
			files = (
			);
			runOnlyForDeploymentPostprocessing = 0;
		};
		4407D73E28D6BFA6006E05B1 /* Frameworks */ = {
			isa = PBXFrameworksBuildPhase;
			buildActionMask = 2147483647;
			files = (
			);
			runOnlyForDeploymentPostprocessing = 0;
		};
/* End PBXFrameworksBuildPhase section */

/* Begin PBXGroup section */
		4407D71728D6BFA2006E05B1 = {
			isa = PBXGroup;
			children = (
				4407D72228D6BFA2006E05B1 /* Wordle */,
				4407D73928D6BFA6006E05B1 /* WordleTests */,
				4407D74428D6BFA6006E05B1 /* WordleUITests */,
				4407D72128D6BFA2006E05B1 /* Products */,
			);
			sourceTree = "<group>";
		};
		4407D72128D6BFA2006E05B1 /* Products */ = {
			isa = PBXGroup;
			children = (
				4407D72028D6BFA2006E05B1 /* Wordle.app */,
				4407D73628D6BFA6006E05B1 /* WordleTests.xctest */,
				4407D74128D6BFA6006E05B1 /* WordleUITests.xctest */,
			);
			name = Products;
			sourceTree = "<group>";
		};
		4407D72228D6BFA2006E05B1 /* Wordle */ = {
			isa = PBXGroup;
			children = (
				4407D76628D6C4A9006E05B1 /* Side */,
				4407D76528D6C495006E05B1 /* Main Code */,
				4407D72C28D6BFA5006E05B1 /* Assets.xcassets */,
				4407D72E28D6BFA5006E05B1 /* LaunchScreen.storyboard */,
				4407D73128D6BFA5006E05B1 /* Info.plist */,
			);
			path = Wordle;
			sourceTree = "<group>";
		};
		4407D73928D6BFA6006E05B1 /* WordleTests */ = {
			isa = PBXGroup;
			children = (
				4407D73A28D6BFA6006E05B1 /* WordleTests.swift */,
				4407D73C28D6BFA6006E05B1 /* Info.plist */,
			);
			path = WordleTests;
			sourceTree = "<group>";
		};
		4407D74428D6BFA6006E05B1 /* WordleUITests */ = {
			isa = PBXGroup;
			children = (
				4407D74528D6BFA6006E05B1 /* WordleUITests.swift */,
				4407D74728D6BFA6006E05B1 /* Info.plist */,
			);
			path = WordleUITests;
			sourceTree = "<group>";
		};
		4407D76528D6C495006E05B1 /* Main Code */ = {
			isa = PBXGroup;
			children = (
				4407D75B28D6C395006E05B1 /* KeyboardViewController.swift */,
				4407D75628D6C350006E05B1 /* BoardViewController.swift */,
				4407D76028D6C3C1006E05B1 /* KeyCell.swift */,
				4407D72728D6BFA2006E05B1 /* ViewController.swift */,
			);
			path = "Main Code";
			sourceTree = "<group>";
		};
		4407D76628D6C4A9006E05B1 /* Side */ = {
			isa = PBXGroup;
			children = (
				4407D72928D6BFA2006E05B1 /* Main.storyboard */,
				4407D72328D6BFA2006E05B1 /* AppDelegate.swift */,
				4407D72528D6BFA2006E05B1 /* SceneDelegate.swift */,
			);
			path = Side;
			sourceTree = "<group>";
		};
/* End PBXGroup section */

/* Begin PBXNativeTarget section */
		4407D71F28D6BFA2006E05B1 /* Wordle */ = {
			isa = PBXNativeTarget;
			buildConfigurationList = 4407D74A28D6BFA6006E05B1 /* Build configuration list for PBXNativeTarget "Wordle" */;
			buildPhases = (
				4407D71C28D6BFA2006E05B1 /* Sources */,
				4407D71D28D6BFA2006E05B1 /* Frameworks */,
				4407D71E28D6BFA2006E05B1 /* Resources */,
			);
			buildRules = (
			);
			dependencies = (
			);
			name = Wordle;
			productName = Wordle;
			productReference = 4407D72028D6BFA2006E05B1 /* Wordle.app */;
			productType = "com.apple.product-type.application";
		};
		4407D73528D6BFA6006E05B1 /* WordleTests */ = {
			isa = PBXNativeTarget;
			buildConfigurationList = 4407D74D28D6BFA6006E05B1 /* Build configuration list for PBXNativeTarget "WordleTests" */;
			buildPhases = (
				4407D73228D6BFA6006E05B1 /* Sources */,
				4407D73328D6BFA6006E05B1 /* Frameworks */,
				4407D73428D6BFA6006E05B1 /* Resources */,
			);
			buildRules = (
			);
			dependencies = (
				4407D73828D6BFA6006E05B1 /* PBXTargetDependency */,
			);
			name = WordleTests;
			productName = WordleTests;
			productReference = 4407D73628D6BFA6006E05B1 /* WordleTests.xctest */;
			productType = "com.apple.product-type.bundle.unit-test";
		};
		4407D74028D6BFA6006E05B1 /* WordleUITests */ = {
			isa = PBXNativeTarget;
			buildConfigurationList = 4407D75028D6BFA6006E05B1 /* Build configuration list for PBXNativeTarget "WordleUITests" */;
			buildPhases = (
				4407D73D28D6BFA6006E05B1 /* Sources */,
				4407D73E28D6BFA6006E05B1 /* Frameworks */,
				4407D73F28D6BFA6006E05B1 /* Resources */,
			);
			buildRules = (
			);
			dependencies = (
				4407D74328D6BFA6006E05B1 /* PBXTargetDependency */,
			);
			name = WordleUITests;
			productName = WordleUITests;
			productReference = 4407D74128D6BFA6006E05B1 /* WordleUITests.xctest */;
			productType = "com.apple.product-type.bundle.ui-testing";
		};
/* End PBXNativeTarget section */

/* Begin PBXProject section */
		4407D71828D6BFA2006E05B1 /* Project object */ = {
			isa = PBXProject;
			attributes = {
				LastSwiftUpdateCheck = 1240;
				LastUpgradeCheck = 1240;
				TargetAttributes = {
					4407D71F28D6BFA2006E05B1 = {
						CreatedOnToolsVersion = 12.4;
					};
					4407D73528D6BFA6006E05B1 = {
						CreatedOnToolsVersion = 12.4;
						TestTargetID = 4407D71F28D6BFA2006E05B1;
					};
					4407D74028D6BFA6006E05B1 = {
						CreatedOnToolsVersion = 12.4;
						TestTargetID = 4407D71F28D6BFA2006E05B1;
					};
				};
			};
			buildConfigurationList = 4407D71B28D6BFA2006E05B1 /* Build configuration list for PBXProject "Wordle" */;
			compatibilityVersion = "Xcode 9.3";
			developmentRegion = en;
			hasScannedForEncodings = 0;
			knownRegions = (
				en,
				Base,
			);
			mainGroup = 4407D71728D6BFA2006E05B1;
			productRefGroup = 4407D72128D6BFA2006E05B1 /* Products */;
			projectDirPath = "";
			projectRoot = "";
			targets = (
				4407D71F28D6BFA2006E05B1 /* Wordle */,
				4407D73528D6BFA6006E05B1 /* WordleTests */,
				4407D74028D6BFA6006E05B1 /* WordleUITests */,
			);
		};
/* End PBXProject section */

/* Begin PBXResourcesBuildPhase section */
		4407D71E28D6BFA2006E05B1 /* Resources */ = {
			isa = PBXResourcesBuildPhase;
			buildActionMask = 2147483647;
			files = (
				4407D73028D6BFA5006E05B1 /* LaunchScreen.storyboard in Resources */,
				4407D72D28D6BFA5006E05B1 /* Assets.xcassets in Resources */,
				4407D72B28D6BFA2006E05B1 /* Main.storyboard in Resources */,
			);
			runOnlyForDeploymentPostprocessing = 0;
		};
		4407D73428D6BFA6006E05B1 /* Resources */ = {
			isa = PBXResourcesBuildPhase;
			buildActionMask = 2147483647;
			files = (
			);
			runOnlyForDeploymentPostprocessing = 0;
		};
		4407D73F28D6BFA6006E05B1 /* Resources */ = {
			isa = PBXResourcesBuildPhase;
			buildActionMask = 2147483647;
			files = (
			);
			runOnlyForDeploymentPostprocessing = 0;
		};
/* End PBXResourcesBuildPhase section */

/* Begin PBXSourcesBuildPhase section */
		4407D71C28D6BFA2006E05B1 /* Sources */ = {
			isa = PBXSourcesBuildPhase;
			buildActionMask = 2147483647;
			files = (
				4407D72828D6BFA2006E05B1 /* ViewController.swift in Sources */,
				4407D75C28D6C395006E05B1 /* KeyboardViewController.swift in Sources */,
				4407D72428D6BFA2006E05B1 /* AppDelegate.swift in Sources */,
				4407D76128D6C3C1006E05B1 /* KeyCell.swift in Sources */,
				4407D72628D6BFA2006E05B1 /* SceneDelegate.swift in Sources */,
				4407D75728D6C350006E05B1 /* BoardViewController.swift in Sources */,
			);
			runOnlyForDeploymentPostprocessing = 0;
		};
		4407D73228D6BFA6006E05B1 /* Sources */ = {
			isa = PBXSourcesBuildPhase;
			buildActionMask = 2147483647;
			files = (
				4407D73B28D6BFA6006E05B1 /* WordleTests.swift in Sources */,
			);
			runOnlyForDeploymentPostprocessing = 0;
		};
		4407D73D28D6BFA6006E05B1 /* Sources */ = {
			isa = PBXSourcesBuildPhase;
			buildActionMask = 2147483647;
			files = (
				4407D74628D6BFA6006E05B1 /* WordleUITests.swift in Sources */,
			);
			runOnlyForDeploymentPostprocessing = 0;
		};
/* End PBXSourcesBuildPhase section */

/* Begin PBXTargetDependency section */
		4407D73828D6BFA6006E05B1 /* PBXTargetDependency */ = {
			isa = PBXTargetDependency;
			target = 4407D71F28D6BFA2006E05B1 /* Wordle */;
			targetProxy = 4407D73728D6BFA6006E05B1 /* PBXContainerItemProxy */;
		};
		4407D74328D6BFA6006E05B1 /* PBXTargetDependency */ = {
			isa = PBXTargetDependency;
			target = 4407D71F28D6BFA2006E05B1 /* Wordle */;
			targetProxy = 4407D74228D6BFA6006E05B1 /* PBXContainerItemProxy */;
		};
/* End PBXTargetDependency section */

/* Begin PBXVariantGroup section */
		4407D72928D6BFA2006E05B1 /* Main.storyboard */ = {
			isa = PBXVariantGroup;
			children = (
				4407D72A28D6BFA2006E05B1 /* Base */,
			);
			name = Main.storyboard;
			sourceTree = "<group>";
		};
		4407D72E28D6BFA5006E05B1 /* LaunchScreen.storyboard */ = {
			isa = PBXVariantGroup;
			children = (
				4407D72F28D6BFA5006E05B1 /* Base */,
			);
			name = LaunchScreen.storyboard;
			sourceTree = "<group>";
		};
/* End PBXVariantGroup section */

/* Begin XCBuildConfiguration section */
		4407D74828D6BFA6006E05B1 /* Debug */ = {
			isa = XCBuildConfiguration;
			buildSettings = {
				ALWAYS_SEARCH_USER_PATHS = NO;
				CLANG_ANALYZER_NONNULL = YES;
				CLANG_ANALYZER_NUMBER_OBJECT_CONVERSION = YES_AGGRESSIVE;
				CLANG_CXX_LANGUAGE_STANDARD = "gnu++14";
				CLANG_CXX_LIBRARY = "libc++";
				CLANG_ENABLE_MODULES = YES;
				CLANG_ENABLE_OBJC_ARC = YES;
				CLANG_ENABLE_OBJC_WEAK = YES;
				CLANG_WARN_BLOCK_CAPTURE_AUTORELEASING = YES;
				CLANG_WARN_BOOL_CONVERSION = YES;
				CLANG_WARN_COMMA = YES;
				CLANG_WARN_CONSTANT_CONVERSION = YES;
				CLANG_WARN_DEPRECATED_OBJC_IMPLEMENTATIONS = YES;
				CLANG_WARN_DIRECT_OBJC_ISA_USAGE = YES_ERROR;
				CLANG_WARN_DOCUMENTATION_COMMENTS = YES;
				CLANG_WARN_EMPTY_BODY = YES;
				CLANG_WARN_ENUM_CONVERSION = YES;
				CLANG_WARN_INFINITE_RECURSION = YES;
				CLANG_WARN_INT_CONVERSION = YES;
				CLANG_WARN_NON_LITERAL_NULL_CONVERSION = YES;
				CLANG_WARN_OBJC_IMPLICIT_RETAIN_SELF = YES;
				CLANG_WARN_OBJC_LITERAL_CONVERSION = YES;
				CLANG_WARN_OBJC_ROOT_CLASS = YES_ERROR;
				CLANG_WARN_QUOTED_INCLUDE_IN_FRAMEWORK_HEADER = YES;
				CLANG_WARN_RANGE_LOOP_ANALYSIS = YES;
				CLANG_WARN_STRICT_PROTOTYPES = YES;
				CLANG_WARN_SUSPICIOUS_MOVE = YES;
				CLANG_WARN_UNGUARDED_AVAILABILITY = YES_AGGRESSIVE;
				CLANG_WARN_UNREACHABLE_CODE = YES;
				CLANG_WARN__DUPLICATE_METHOD_MATCH = YES;
				COPY_PHASE_STRIP = NO;
				DEBUG_INFORMATION_FORMAT = dwarf;
				ENABLE_STRICT_OBJC_MSGSEND = YES;
				ENABLE_TESTABILITY = YES;
				GCC_C_LANGUAGE_STANDARD = gnu11;
				GCC_DYNAMIC_NO_PIC = NO;
				GCC_NO_COMMON_BLOCKS = YES;
				GCC_OPTIMIZATION_LEVEL = 0;
				GCC_PREPROCESSOR_DEFINITIONS = (
					"DEBUG=1",
					"$(inherited)",
				);
				GCC_WARN_64_TO_32_BIT_CONVERSION = YES;
				GCC_WARN_ABOUT_RETURN_TYPE = YES_ERROR;
				GCC_WARN_UNDECLARED_SELECTOR = YES;
				GCC_WARN_UNINITIALIZED_AUTOS = YES_AGGRESSIVE;
				GCC_WARN_UNUSED_FUNCTION = YES;
				GCC_WARN_UNUSED_VARIABLE = YES;
				IPHONEOS_DEPLOYMENT_TARGET = 14.4;
				MTL_ENABLE_DEBUG_INFO = INCLUDE_SOURCE;
				MTL_FAST_MATH = YES;
				ONLY_ACTIVE_ARCH = YES;
				SDKROOT = iphoneos;
				SWIFT_ACTIVE_COMPILATION_CONDITIONS = DEBUG;
				SWIFT_OPTIMIZATION_LEVEL = "-Onone";
			};
			name = Debug;
		};
		4407D74928D6BFA6006E05B1 /* Release */ = {
			isa = XCBuildConfiguration;
			buildSettings = {
				ALWAYS_SEARCH_USER_PATHS = NO;
				CLANG_ANALYZER_NONNULL = YES;
				CLANG_ANALYZER_NUMBER_OBJECT_CONVERSION = YES_AGGRESSIVE;
				CLANG_CXX_LANGUAGE_STANDARD = "gnu++14";
				CLANG_CXX_LIBRARY = "libc++";
				CLANG_ENABLE_MODULES = YES;
				CLANG_ENABLE_OBJC_ARC = YES;
				CLANG_ENABLE_OBJC_WEAK = YES;
				CLANG_WARN_BLOCK_CAPTURE_AUTORELEASING = YES;
				CLANG_WARN_BOOL_CONVERSION = YES;
				CLANG_WARN_COMMA = YES;
				CLANG_WARN_CONSTANT_CONVERSION = YES;
				CLANG_WARN_DEPRECATED_OBJC_IMPLEMENTATIONS = YES;
				CLANG_WARN_DIRECT_OBJC_ISA_USAGE = YES_ERROR;
				CLANG_WARN_DOCUMENTATION_COMMENTS = YES;
				CLANG_WARN_EMPTY_BODY = YES;
				CLANG_WARN_ENUM_CONVERSION = YES;
				CLANG_WARN_INFINITE_RECURSION = YES;
				CLANG_WARN_INT_CONVERSION = YES;
				CLANG_WARN_NON_LITERAL_NULL_CONVERSION = YES;
				CLANG_WARN_OBJC_IMPLICIT_RETAIN_SELF = YES;
				CLANG_WARN_OBJC_LITERAL_CONVERSION = YES;
				CLANG_WARN_OBJC_ROOT_CLASS = YES_ERROR;
				CLANG_WARN_QUOTED_INCLUDE_IN_FRAMEWORK_HEADER = YES;
				CLANG_WARN_RANGE_LOOP_ANALYSIS = YES;
				CLANG_WARN_STRICT_PROTOTYPES = YES;
				CLANG_WARN_SUSPICIOUS_MOVE = YES;
				CLANG_WARN_UNGUARDED_AVAILABILITY = YES_AGGRESSIVE;
				CLANG_WARN_UNREACHABLE_CODE = YES;
				CLANG_WARN__DUPLICATE_METHOD_MATCH = YES;
				COPY_PHASE_STRIP = NO;
				DEBUG_INFORMATION_FORMAT = "dwarf-with-dsym";
				ENABLE_NS_ASSERTIONS = NO;
				ENABLE_STRICT_OBJC_MSGSEND = YES;
				GCC_C_LANGUAGE_STANDARD = gnu11;
				GCC_NO_COMMON_BLOCKS = YES;
				GCC_WARN_64_TO_32_BIT_CONVERSION = YES;
				GCC_WARN_ABOUT_RETURN_TYPE = YES_ERROR;
				GCC_WARN_UNDECLARED_SELECTOR = YES;
				GCC_WARN_UNINITIALIZED_AUTOS = YES_AGGRESSIVE;
				GCC_WARN_UNUSED_FUNCTION = YES;
				GCC_WARN_UNUSED_VARIABLE = YES;
				IPHONEOS_DEPLOYMENT_TARGET = 14.4;
				MTL_ENABLE_DEBUG_INFO = NO;
				MTL_FAST_MATH = YES;
				SDKROOT = iphoneos;
				SWIFT_COMPILATION_MODE = wholemodule;
				SWIFT_OPTIMIZATION_LEVEL = "-O";
				VALIDATE_PRODUCT = YES;
			};
			name = Release;
		};
		4407D74B28D6BFA6006E05B1 /* Debug */ = {
			isa = XCBuildConfiguration;
			buildSettings = {
				ASSETCATALOG_COMPILER_APPICON_NAME = AppIcon;
				ASSETCATALOG_COMPILER_GLOBAL_ACCENT_COLOR_NAME = AccentColor;
				CODE_SIGN_STYLE = Automatic;
				INFOPLIST_FILE = Wordle/Info.plist;
				LD_RUNPATH_SEARCH_PATHS = (
					"$(inherited)",
					"@executable_path/Frameworks",
				);
				PRODUCT_BUNDLE_IDENTIFIER = "Bilal-Khan.Wordle";
				PRODUCT_NAME = "$(TARGET_NAME)";
				SWIFT_VERSION = 5.0;
				TARGETED_DEVICE_FAMILY = "1,2";
			};
			name = Debug;
		};
		4407D74C28D6BFA6006E05B1 /* Release */ = {
			isa = XCBuildConfiguration;
			buildSettings = {
				ASSETCATALOG_COMPILER_APPICON_NAME = AppIcon;
				ASSETCATALOG_COMPILER_GLOBAL_ACCENT_COLOR_NAME = AccentColor;
				CODE_SIGN_STYLE = Automatic;
				INFOPLIST_FILE = Wordle/Info.plist;
				LD_RUNPATH_SEARCH_PATHS = (
					"$(inherited)",
					"@executable_path/Frameworks",
				);
				PRODUCT_BUNDLE_IDENTIFIER = "Bilal-Khan.Wordle";
				PRODUCT_NAME = "$(TARGET_NAME)";
				SWIFT_VERSION = 5.0;
				TARGETED_DEVICE_FAMILY = "1,2";
			};
			name = Release;
		};
		4407D74E28D6BFA6006E05B1 /* Debug */ = {
			isa = XCBuildConfiguration;
			buildSettings = {
				ALWAYS_EMBED_SWIFT_STANDARD_LIBRARIES = YES;
				BUNDLE_LOADER = "$(TEST_HOST)";
				CODE_SIGN_STYLE = Automatic;
				INFOPLIST_FILE = WordleTests/Info.plist;
				IPHONEOS_DEPLOYMENT_TARGET = 14.4;
				LD_RUNPATH_SEARCH_PATHS = (
					"$(inherited)",
					"@executable_path/Frameworks",
					"@loader_path/Frameworks",
				);
				PRODUCT_BUNDLE_IDENTIFIER = "Bilal-Khan.WordleTests";
				PRODUCT_NAME = "$(TARGET_NAME)";
				SWIFT_VERSION = 5.0;
				TARGETED_DEVICE_FAMILY = "1,2";
				TEST_HOST = "$(BUILT_PRODUCTS_DIR)/Wordle.app/Wordle";
			};
			name = Debug;
		};
		4407D74F28D6BFA6006E05B1 /* Release */ = {
			isa = XCBuildConfiguration;
			buildSettings = {
				ALWAYS_EMBED_SWIFT_STANDARD_LIBRARIES = YES;
				BUNDLE_LOADER = "$(TEST_HOST)";
				CODE_SIGN_STYLE = Automatic;
				INFOPLIST_FILE = WordleTests/Info.plist;
				IPHONEOS_DEPLOYMENT_TARGET = 14.4;
				LD_RUNPATH_SEARCH_PATHS = (
					"$(inherited)",
					"@executable_path/Frameworks",
					"@loader_path/Frameworks",
				);
				PRODUCT_BUNDLE_IDENTIFIER = "Bilal-Khan.WordleTests";
				PRODUCT_NAME = "$(TARGET_NAME)";
				SWIFT_VERSION = 5.0;
				TARGETED_DEVICE_FAMILY = "1,2";
				TEST_HOST = "$(BUILT_PRODUCTS_DIR)/Wordle.app/Wordle";
			};
			name = Release;
		};
		4407D75128D6BFA6006E05B1 /* Debug */ = {
			isa = XCBuildConfiguration;
			buildSettings = {
				ALWAYS_EMBED_SWIFT_STANDARD_LIBRARIES = YES;
				CODE_SIGN_STYLE = Automatic;
				INFOPLIST_FILE = WordleUITests/Info.plist;
				LD_RUNPATH_SEARCH_PATHS = (
					"$(inherited)",
					"@executable_path/Frameworks",
					"@loader_path/Frameworks",
				);
				PRODUCT_BUNDLE_IDENTIFIER = "Bilal-Khan.WordleUITests";
				PRODUCT_NAME = "$(TARGET_NAME)";
				SWIFT_VERSION = 5.0;
				TARGETED_DEVICE_FAMILY = "1,2";
				TEST_TARGET_NAME = Wordle;
			};
			name = Debug;
		};
		4407D75228D6BFA6006E05B1 /* Release */ = {
			isa = XCBuildConfiguration;
			buildSettings = {
				ALWAYS_EMBED_SWIFT_STANDARD_LIBRARIES = YES;
				CODE_SIGN_STYLE = Automatic;
				INFOPLIST_FILE = WordleUITests/Info.plist;
				LD_RUNPATH_SEARCH_PATHS = (
					"$(inherited)",
					"@executable_path/Frameworks",
					"@loader_path/Frameworks",
				);
				PRODUCT_BUNDLE_IDENTIFIER = "Bilal-Khan.WordleUITests";
				PRODUCT_NAME = "$(TARGET_NAME)";
				SWIFT_VERSION = 5.0;
				TARGETED_DEVICE_FAMILY = "1,2";
				TEST_TARGET_NAME = Wordle;
			};
			name = Release;
		};
/* End XCBuildConfiguration section */

/* Begin XCConfigurationList section */
		4407D71B28D6BFA2006E05B1 /* Build configuration list for PBXProject "Wordle" */ = {
			isa = XCConfigurationList;
			buildConfigurations = (
				4407D74828D6BFA6006E05B1 /* Debug */,
				4407D74928D6BFA6006E05B1 /* Release */,
			);
			defaultConfigurationIsVisible = 0;
			defaultConfigurationName = Release;
		};
		4407D74A28D6BFA6006E05B1 /* Build configuration list for PBXNativeTarget "Wordle" */ = {
			isa = XCConfigurationList;
			buildConfigurations = (
				4407D74B28D6BFA6006E05B1 /* Debug */,
				4407D74C28D6BFA6006E05B1 /* Release */,
			);
			defaultConfigurationIsVisible = 0;
			defaultConfigurationName = Release;
		};
		4407D74D28D6BFA6006E05B1 /* Build configuration list for PBXNativeTarget "WordleTests" */ = {
			isa = XCConfigurationList;
			buildConfigurations = (
				4407D74E28D6BFA6006E05B1 /* Debug */,
				4407D74F28D6BFA6006E05B1 /* Release */,
			);
			defaultConfigurationIsVisible = 0;
			defaultConfigurationName = Release;
		};
		4407D75028D6BFA6006E05B1 /* Build configuration list for PBXNativeTarget "WordleUITests" */ = {
			isa = XCConfigurationList;
			buildConfigurations = (
				4407D75128D6BFA6006E05B1 /* Debug */,
				4407D75228D6BFA6006E05B1 /* Release */,
			);
			defaultConfigurationIsVisible = 0;
			defaultConfigurationName = Release;
		};
/* End XCConfigurationList section */
	};
	rootObject = 4407D71828D6BFA2006E05B1 /* Project object */;
}
